// !$*UTF8*$!
{
	archiveVersion = 1;
	classes = {
	};
	objectVersion = 50;
	objects = {

/* Begin PBXBuildFile section */
		425CB06821EC78F400DEFA79 /* AppDelegate.swift in Sources */ = {isa = PBXBuildFile; fileRef = 425CB06721EC78F400DEFA79 /* AppDelegate.swift */; };
		425CB06A21EC78F400DEFA79 /* ViewController.swift in Sources */ = {isa = PBXBuildFile; fileRef = 425CB06921EC78F400DEFA79 /* ViewController.swift */; };
		425CB06D21EC78F400DEFA79 /* Main.storyboard in Resources */ = {isa = PBXBuildFile; fileRef = 425CB06B21EC78F400DEFA79 /* Main.storyboard */; };
		425CB06F21EC78F600DEFA79 /* Assets.xcassets in Resources */ = {isa = PBXBuildFile; fileRef = 425CB06E21EC78F600DEFA79 /* Assets.xcassets */; };
		425CB07221EC78F600DEFA79 /* LaunchScreen.storyboard in Resources */ = {isa = PBXBuildFile; fileRef = 425CB07021EC78F600DEFA79 /* LaunchScreen.storyboard */; };
/* End PBXBuildFile section */

/* Begin PBXFileReference section */
		425CB06421EC78F400DEFA79 /* iOS_LocalPush.app */ = {isa = PBXFileReference; explicitFileType = wrapper.application; includeInIndex = 0; path = iOS_LocalPush.app; sourceTree = BUILT_PRODUCTS_DIR; };
		425CB06721EC78F400DEFA79 /* AppDelegate.swift */ = {isa = PBXFileReference; lastKnownFileType = sourcecode.swift; path = AppDelegate.swift; sourceTree = "<group>"; };
		425CB06921EC78F400DEFA79 /* ViewController.swift */ = {isa = PBXFileReference; lastKnownFileType = sourcecode.swift; path = ViewController.swift; sourceTree = "<group>"; };
		425CB06C21EC78F400DEFA79 /* Base */ = {isa = PBXFileReference; lastKnownFileType = file.storyboard; name = Base; path = Base.lproj/Main.storyboard; sourceTree = "<group>"; };
		425CB06E21EC78F600DEFA79 /* Assets.xcassets */ = {isa = PBXFileReference; lastKnownFileType = folder.assetcatalog; path = Assets.xcassets; sourceTree = "<group>"; };
		425CB07121EC78F600DEFA79 /* Base */ = {isa = PBXFileReference; lastKnownFileType = file.storyboard; name = Base; path = Base.lproj/LaunchScreen.storyboard; sourceTree = "<group>"; };
		425CB07321EC78F600DEFA79 /* Info.plist */ = {isa = PBXFileReference; lastKnownFileType = text.plist.xml; path = Info.plist; sourceTree = "<group>"; };
/* End PBXFileReference section */

/* Begin PBXFrameworksBuildPhase section */
		425CB06121EC78F400DEFA79 /* Frameworks */ = {
			isa = PBXFrameworksBuildPhase;
			buildActionMask = 2147483647;
			files = (
			);
			runOnlyForDeploymentPostprocessing = 0;
		};
/* End PBXFrameworksBuildPhase section */

/* Begin PBXGroup section */
		425CB05B21EC78F400DEFA79 = {
			isa = PBXGroup;
			children = (
				425CB06621EC78F400DEFA79 /* iOS_LocalPush */,
				425CB06521EC78F400DEFA79 /* Products */,
			);
			sourceTree = "<group>";
		};
		425CB06521EC78F400DEFA79 /* Products */ = {
			isa = PBXGroup;
			children = (
				425CB06421EC78F400DEFA79 /* iOS_LocalPush.app */,
			);
			name = Products;
			sourceTree = "<group>";
		};
		425CB06621EC78F400DEFA79 /* iOS_LocalPush */ = {
			isa = PBXGroup;
			children = (
				425CB06721EC78F400DEFA79 /* AppDelegate.swift */,
				425CB06921EC78F400DEFA79 /* ViewController.swift */,
				425CB06B21EC78F400DEFA79 /* Main.storyboard */,
				425CB06E21EC78F600DEFA79 /* Assets.xcassets */,
				425CB07021EC78F600DEFA79 /* LaunchScreen.storyboard */,
				425CB07321EC78F600DEFA79 /* Info.plist */,
			);
			path = iOS_LocalPush;
			sourceTree = "<group>";
		};
/* End PBXGroup section */

/* Begin PBXNativeTarget section */
		425CB06321EC78F400DEFA79 /* iOS_LocalPush */ = {
			isa = PBXNativeTarget;
			buildConfigurationList = 425CB07621EC78F600DEFA79 /* Build configuration list for PBXNativeTarget "iOS_LocalPush" */;
			buildPhases = (
				425CB06021EC78F400DEFA79 /* Sources */,
				425CB06121EC78F400DEFA79 /* Frameworks */,
				425CB06221EC78F400DEFA79 /* Resources */,
			);
			buildRules = (
			);
			dependencies = (
			);
			name = iOS_LocalPush;
			productName = iOS_LocalPush;
			productReference = 425CB06421EC78F400DEFA79 /* iOS_LocalPush.app */;
			productType = "com.apple.product-type.application";
		};
/* End PBXNativeTarget section */

/* Begin PBXProject section */
		425CB05C21EC78F400DEFA79 /* Project object */ = {
			isa = PBXProject;
			attributes = {
				LastSwiftUpdateCheck = 1010;
				LastUpgradeCheck = 1010;
				ORGANIZATIONNAME = "stoshi nobutsugu";
				TargetAttributes = {
					425CB06321EC78F400DEFA79 = {
						CreatedOnToolsVersion = 10.1;
					};
				};
			};
			buildConfigurationList = 425CB05F21EC78F400DEFA79 /* Build configuration list for PBXProject "iOS_LocalPush" */;
			compatibilityVersion = "Xcode 9.3";
			developmentRegion = en;
			hasScannedForEncodings = 0;
			knownRegions = (
				en,
				Base,
			);
			mainGroup = 425CB05B21EC78F400DEFA79;
			productRefGroup = 425CB06521EC78F400DEFA79 /* Products */;
			projectDirPath = "";
			projectRoot = "";
			targets = (
				425CB06321EC78F400DEFA79 /* iOS_LocalPush */,
			);
		};
/* End PBXProject section */

/* Begin PBXResourcesBuildPhase section */
		425CB06221EC78F400DEFA79 /* Resources */ = {
			isa = PBXResourcesBuildPhase;
			buildActionMask = 2147483647;
			files = (
				425CB07221EC78F600DEFA79 /* LaunchScreen.storyboard in Resources */,
				425CB06F21EC78F600DEFA79 /* Assets.xcassets in Resources */,
				425CB06D21EC78F400DEFA79 /* Main.storyboard in Resources */,
			);
			runOnlyForDeploymentPostprocessing = 0;
		};
/* End PBXResourcesBuildPhase section */

/* Begin PBXSourcesBuildPhase section */
		425CB06021EC78F400DEFA79 /* Sources */ = {
			isa = PBXSourcesBuildPhase;
			buildActionMask = 2147483647;
			files = (
				425CB06A21EC78F400DEFA79 /* ViewController.swift in Sources */,
				425CB06821EC78F400DEFA79 /* AppDelegate.swift in Sources */,
			);
			runOnlyForDeploymentPostprocessing = 0;
		};
/* End PBXSourcesBuildPhase section */

/* Begin PBXVariantGroup section */
		425CB06B21EC78F400DEFA79 /* Main.storyboard */ = {
			isa = PBXVariantGroup;
			children = (
				425CB06C21EC78F400DEFA79 /* Base */,
			);
			name = Main.storyboard;
			sourceTree = "<group>";
		};
		425CB07021EC78F600DEFA79 /* LaunchScreen.storyboard */ = {
			isa = PBXVariantGroup;
			children = (
				425CB07121EC78F600DEFA79 /* Base */,
			);
			name = LaunchScreen.storyboard;
			sourceTree = "<group>";
		};
/* End PBXVariantGroup section */

/* Begin XCBuildConfiguration section */
		425CB07421EC78F600DEFA79 /* Debug */ = {
			isa = XCBuildConfiguration;
			buildSettings = {
				ALWAYS_SEARCH_USER_PATHS = NO;
				CLANG_ANALYZER_NONNULL = YES;
				CLANG_ANALYZER_NUMBER_OBJECT_CONVERSION = YES_AGGRESSIVE;
				CLANG_CXX_LANGUAGE_STANDARD = "gnu++14";
				CLANG_CXX_LIBRARY = "libc++";
				CLANG_ENABLE_MODULES = YES;
				CLANG_ENABLE_OBJC_ARC = YES;
				CLANG_ENABLE_OBJC_WEAK = YES;
				CLANG_WARN_BLOCK_CAPTURE_AUTORELEASING = YES;
				CLANG_WARN_BOOL_CONVERSION = YES;
				CLANG_WARN_COMMA = YES;
				CLANG_WARN_CONSTANT_CONVERSION = YES;
				CLANG_WARN_DEPRECATED_OBJC_IMPLEMENTATIONS = YES;
				CLANG_WARN_DIRECT_OBJC_ISA_USAGE = YES_ERROR;
				CLANG_WARN_DOCUMENTATION_COMMENTS = YES;
				CLANG_WARN_EMPTY_BODY = YES;
				CLANG_WARN_ENUM_CONVERSION = YES;
				CLANG_WARN_INFINITE_RECURSION = YES;
				CLANG_WARN_INT_CONVERSION = YES;
				CLANG_WARN_NON_LITERAL_NULL_CONVERSION = YES;
				CLANG_WARN_OBJC_IMPLICIT_RETAIN_SELF = YES;
				CLANG_WARN_OBJC_LITERAL_CONVERSION = YES;
				CLANG_WARN_OBJC_ROOT_CLASS = YES_ERROR;
				CLANG_WARN_RANGE_LOOP_ANALYSIS = YES;
				CLANG_WARN_STRICT_PROTOTYPES = YES;
				CLANG_WARN_SUSPICIOUS_MOVE = YES;
				CLANG_WARN_UNGUARDED_AVAILABILITY = YES_AGGRESSIVE;
				CLANG_WARN_UNREACHABLE_CODE = YES;
				CLANG_WARN__DUPLICATE_METHOD_MATCH = YES;
				CODE_SIGN_IDENTITY = "iPhone Developer";
				COPY_PHASE_STRIP = NO;
				DEBUG_INFORMATION_FORMAT = dwarf;
				ENABLE_STRICT_OBJC_MSGSEND = YES;
				ENABLE_TESTABILITY = YES;
				GCC_C_LANGUAGE_STANDARD = gnu11;
				GCC_DYNAMIC_NO_PIC = NO;
				GCC_NO_COMMON_BLOCKS = YES;
				GCC_OPTIMIZATION_LEVEL = 0;
				GCC_PREPROCESSOR_DEFINITIONS = (
					"DEBUG=1",
					"$(inherited)",
				);
				GCC_WARN_64_TO_32_BIT_CONVERSION = YES;
				GCC_WARN_ABOUT_RETURN_TYPE = YES_ERROR;
				GCC_WARN_UNDECLARED_SELECTOR = YES;
				GCC_WARN_UNINITIALIZED_AUTOS = YES_AGGRESSIVE;
				GCC_WARN_UNUSED_FUNCTION = YES;
				GCC_WARN_UNUSED_VARIABLE = YES;
				IPHONEOS_DEPLOYMENT_TARGET = 12.1;
				MTL_ENABLE_DEBUG_INFO = INCLUDE_SOURCE;
				MTL_FAST_MATH = YES;
				ONLY_ACTIVE_ARCH = YES;
				SDKROOT = iphoneos;
				SWIFT_ACTIVE_COMPILATION_CONDITIONS = DEBUG;
				SWIFT_OPTIMIZATION_LEVEL = "-Onone";
			};
			name = Debug;
		};
		425CB07521EC78F600DEFA79 /* Release */ = {
			isa = XCBuildConfiguration;
			buildSettings = {
				ALWAYS_SEARCH_USER_PATHS = NO;
				CLANG_ANALYZER_NONNULL = YES;
				CLANG_ANALYZER_NUMBER_OBJECT_CONVERSION = YES_AGGRESSIVE;
				CLANG_CXX_LANGUAGE_STANDARD = "gnu++14";
				CLANG_CXX_LIBRARY = "libc++";
				CLANG_ENABLE_MODULES = YES;
				CLANG_ENABLE_OBJC_ARC = YES;
				CLANG_ENABLE_OBJC_WEAK = YES;
				CLANG_WARN_BLOCK_CAPTURE_AUTORELEASING = YES;
				CLANG_WARN_BOOL_CONVERSION = YES;
				CLANG_WARN_COMMA = YES;
				CLANG_WARN_CONSTANT_CONVERSION = YES;
				CLANG_WARN_DEPRECATED_OBJC_IMPLEMENTATIONS = YES;
				CLANG_WARN_DIRECT_OBJC_ISA_USAGE = YES_ERROR;
				CLANG_WARN_DOCUMENTATION_COMMENTS = YES;
				CLANG_WARN_EMPTY_BODY = YES;
				CLANG_WARN_ENUM_CONVERSION = YES;
				CLANG_WARN_INFINITE_RECURSION = YES;
				CLANG_WARN_INT_CONVERSION = YES;
				CLANG_WARN_NON_LITERAL_NULL_CONVERSION = YES;
				CLANG_WARN_OBJC_IMPLICIT_RETAIN_SELF = YES;
				CLANG_WARN_OBJC_LITERAL_CONVERSION = YES;
				CLANG_WARN_OBJC_ROOT_CLASS = YES_ERROR;
				CLANG_WARN_RANGE_LOOP_ANALYSIS = YES;
				CLANG_WARN_STRICT_PROTOTYPES = YES;
				CLANG_WARN_SUSPICIOUS_MOVE = YES;
				CLANG_WARN_UNGUARDED_AVAILABILITY = YES_AGGRESSIVE;
				CLANG_WARN_UNREACHABLE_CODE = YES;
				CLANG_WARN__DUPLICATE_METHOD_MATCH = YES;
				CODE_SIGN_IDENTITY = "iPhone Developer";
				COPY_PHASE_STRIP = NO;
				DEBUG_INFORMATION_FORMAT = "dwarf-with-dsym";
				ENABLE_NS_ASSERTIONS = NO;
				ENABLE_STRICT_OBJC_MSGSEND = YES;
				GCC_C_LANGUAGE_STANDARD = gnu11;
				GCC_NO_COMMON_BLOCKS = YES;
				GCC_WARN_64_TO_32_BIT_CONVERSION = YES;
				GCC_WARN_ABOUT_RETURN_TYPE = YES_ERROR;
				GCC_WARN_UNDECLARED_SELECTOR = YES;
				GCC_WARN_UNINITIALIZED_AUTOS = YES_AGGRESSIVE;
				GCC_WARN_UNUSED_FUNCTION = YES;
				GCC_WARN_UNUSED_VARIABLE = YES;
				IPHONEOS_DEPLOYMENT_TARGET = 12.1;
				MTL_ENABLE_DEBUG_INFO = NO;
				MTL_FAST_MATH = YES;
				SDKROOT = iphoneos;
				SWIFT_COMPILATION_MODE = wholemodule;
				SWIFT_OPTIMIZATION_LEVEL = "-O";
				VALIDATE_PRODUCT = YES;
			};
			name = Release;
		};
		425CB07721EC78F600DEFA79 /* Debug */ = {
			isa = XCBuildConfiguration;
			buildSettings = {
				ASSETCATALOG_COMPILER_APPICON_NAME = AppIcon;
				CODE_SIGN_STYLE = Automatic;
				DEVELOPMENT_TEAM = 45MBB5Z3J4;
				INFOPLIST_FILE = iOS_LocalPush/Info.plist;
				LD_RUNPATH_SEARCH_PATHS = (
					"$(inherited)",
					"@executable_path/Frameworks",
				);
				PRODUCT_BUNDLE_IDENTIFIER = "com.Rraimu.Moko.Nobu.iOS-LocalPush";
				PRODUCT_NAME = "$(TARGET_NAME)";
				SWIFT_VERSION = 4.2;
				TARGETED_DEVICE_FAMILY = "1,2";
			};
			name = Debug;
		};
		425CB07821EC78F600DEFA79 /* Release */ = {
			isa = XCBuildConfiguration;
			buildSettings = {
				ASSETCATALOG_COMPILER_APPICON_NAME = AppIcon;
				CODE_SIGN_STYLE = Automatic;
				DEVELOPMENT_TEAM = 45MBB5Z3J4;
				INFOPLIST_FILE = iOS_LocalPush/Info.plist;
				LD_RUNPATH_SEARCH_PATHS = (
					"$(inherited)",
					"@executable_path/Frameworks",
				);
				PRODUCT_BUNDLE_IDENTIFIER = "com.Rraimu.Moko.Nobu.iOS-LocalPush";
				PRODUCT_NAME = "$(TARGET_NAME)";
				SWIFT_VERSION = 4.2;
				TARGETED_DEVICE_FAMILY = "1,2";
			};
			name = Release;
		};
/* End XCBuildConfiguration section */

/* Begin XCConfigurationList section */
		425CB05F21EC78F400DEFA79 /* Build configuration list for PBXProject "iOS_LocalPush" */ = {
			isa = XCConfigurationList;
			buildConfigurations = (
				425CB07421EC78F600DEFA79 /* Debug */,
				425CB07521EC78F600DEFA79 /* Release */,
			);
			defaultConfigurationIsVisible = 0;
			defaultConfigurationName = Release;
		};
		425CB07621EC78F600DEFA79 /* Build configuration list for PBXNativeTarget "iOS_LocalPush" */ = {
			isa = XCConfigurationList;
			buildConfigurations = (
				425CB07721EC78F600DEFA79 /* Debug */,
				425CB07821EC78F600DEFA79 /* Release */,
			);
			defaultConfigurationIsVisible = 0;
			defaultConfigurationName = Release;
		};
/* End XCConfigurationList section */
	};
	rootObject = 425CB05C21EC78F400DEFA79 /* Project object */;
}
